// !$*UTF8*$!
{
	archiveVersion = 1;
	classes = {
	};
	objectVersion = 50;
	objects = {

/* Begin PBXBuildFile section */
		853A6163241E8550006FF0A1 /* articleViewController.swift in Sources */ = {isa = PBXBuildFile; fileRef = 853A6162241E8550006FF0A1 /* articleViewController.swift */; };
		85934B02241CE222005F2B1C /* nasaWebView.swift in Sources */ = {isa = PBXBuildFile; fileRef = 85934B01241CE222005F2B1C /* nasaWebView.swift */; };
		85934B04241CF803005F2B1C /* mapViewController.swift in Sources */ = {isa = PBXBuildFile; fileRef = 85934B03241CF803005F2B1C /* mapViewController.swift */; };
		85CF8A18240D253300C870B8 /* AppDelegate.swift in Sources */ = {isa = PBXBuildFile; fileRef = 85CF8A17240D253300C870B8 /* AppDelegate.swift */; };
		85CF8A1A240D253300C870B8 /* SceneDelegate.swift in Sources */ = {isa = PBXBuildFile; fileRef = 85CF8A19240D253300C870B8 /* SceneDelegate.swift */; };
		85CF8A1C240D253300C870B8 /* ViewController.swift in Sources */ = {isa = PBXBuildFile; fileRef = 85CF8A1B240D253300C870B8 /* ViewController.swift */; };
		85CF8A1F240D253300C870B8 /* Main.storyboard in Resources */ = {isa = PBXBuildFile; fileRef = 85CF8A1D240D253300C870B8 /* Main.storyboard */; };
		85CF8A21240D253500C870B8 /* Assets.xcassets in Resources */ = {isa = PBXBuildFile; fileRef = 85CF8A20240D253500C870B8 /* Assets.xcassets */; };
		85CF8A24240D253500C870B8 /* LaunchScreen.storyboard in Resources */ = {isa = PBXBuildFile; fileRef = 85CF8A22240D253500C870B8 /* LaunchScreen.storyboard */; };
		85D89FE02423A9DB00D8FB7D /* GalleriesViewController.swift in Sources */ = {isa = PBXBuildFile; fileRef = 85D89FDF2423A9DB00D8FB7D /* GalleriesViewController.swift */; };
		85D89FE42424CE7700D8FB7D /* DetailPicViewController.swift in Sources */ = {isa = PBXBuildFile; fileRef = 85D89FE32424CE7700D8FB7D /* DetailPicViewController.swift */; };
/* End PBXBuildFile section */

/* Begin PBXFileReference section */
		853A6162241E8550006FF0A1 /* articleViewController.swift */ = {isa = PBXFileReference; lastKnownFileType = sourcecode.swift; path = articleViewController.swift; sourceTree = "<group>"; };
		85934B01241CE222005F2B1C /* nasaWebView.swift */ = {isa = PBXFileReference; lastKnownFileType = sourcecode.swift; path = nasaWebView.swift; sourceTree = "<group>"; };
		85934B03241CF803005F2B1C /* mapViewController.swift */ = {isa = PBXFileReference; lastKnownFileType = sourcecode.swift; path = mapViewController.swift; sourceTree = "<group>"; };
		85CF8A14240D253300C870B8 /* NASA.app */ = {isa = PBXFileReference; explicitFileType = wrapper.application; includeInIndex = 0; path = NASA.app; sourceTree = BUILT_PRODUCTS_DIR; };
		85CF8A17240D253300C870B8 /* AppDelegate.swift */ = {isa = PBXFileReference; lastKnownFileType = sourcecode.swift; path = AppDelegate.swift; sourceTree = "<group>"; };
		85CF8A19240D253300C870B8 /* SceneDelegate.swift */ = {isa = PBXFileReference; lastKnownFileType = sourcecode.swift; path = SceneDelegate.swift; sourceTree = "<group>"; };
		85CF8A1B240D253300C870B8 /* ViewController.swift */ = {isa = PBXFileReference; lastKnownFileType = sourcecode.swift; path = ViewController.swift; sourceTree = "<group>"; };
		85CF8A1E240D253300C870B8 /* Base */ = {isa = PBXFileReference; lastKnownFileType = file.storyboard; name = Base; path = Base.lproj/Main.storyboard; sourceTree = "<group>"; };
		85CF8A20240D253500C870B8 /* Assets.xcassets */ = {isa = PBXFileReference; lastKnownFileType = folder.assetcatalog; path = Assets.xcassets; sourceTree = "<group>"; };
		85CF8A23240D253500C870B8 /* Base */ = {isa = PBXFileReference; lastKnownFileType = file.storyboard; name = Base; path = Base.lproj/LaunchScreen.storyboard; sourceTree = "<group>"; };
		85CF8A25240D253500C870B8 /* Info.plist */ = {isa = PBXFileReference; lastKnownFileType = text.plist.xml; path = Info.plist; sourceTree = "<group>"; };
		85D89FDF2423A9DB00D8FB7D /* GalleriesViewController.swift */ = {isa = PBXFileReference; lastKnownFileType = sourcecode.swift; path = GalleriesViewController.swift; sourceTree = "<group>"; };
		85D89FE32424CE7700D8FB7D /* DetailPicViewController.swift */ = {isa = PBXFileReference; lastKnownFileType = sourcecode.swift; path = DetailPicViewController.swift; sourceTree = "<group>"; };
/* End PBXFileReference section */

/* Begin PBXFrameworksBuildPhase section */
		85CF8A11240D253300C870B8 /* Frameworks */ = {
			isa = PBXFrameworksBuildPhase;
			buildActionMask = 2147483647;
			files = (
			);
			runOnlyForDeploymentPostprocessing = 0;
		};
/* End PBXFrameworksBuildPhase section */

/* Begin PBXGroup section */
		85CF8A0B240D253300C870B8 = {
			isa = PBXGroup;
			children = (
				85CF8A16240D253300C870B8 /* 0302 */,
				85CF8A15240D253300C870B8 /* Products */,
			);
			sourceTree = "<group>";
		};
		85CF8A15240D253300C870B8 /* Products */ = {
			isa = PBXGroup;
			children = (
				85CF8A14240D253300C870B8 /* NASA.app */,
			);
			name = Products;
			sourceTree = "<group>";
		};
		85CF8A16240D253300C870B8 /* 0302 */ = {
			isa = PBXGroup;
			children = (
				85CF8A25240D253500C870B8 /* Info.plist */,
				85CF8A17240D253300C870B8 /* AppDelegate.swift */,
				85D89FE32424CE7700D8FB7D /* DetailPicViewController.swift */,
				853A6162241E8550006FF0A1 /* articleViewController.swift */,
				85D89FDF2423A9DB00D8FB7D /* GalleriesViewController.swift */,
				85934B03241CF803005F2B1C /* mapViewController.swift */,
				85934B01241CE222005F2B1C /* nasaWebView.swift */,
				85CF8A19240D253300C870B8 /* SceneDelegate.swift */,
				85CF8A1B240D253300C870B8 /* ViewController.swift */,
				85CF8A20240D253500C870B8 /* Assets.xcassets */,
				85CF8A22240D253500C870B8 /* LaunchScreen.storyboard */,
				85CF8A1D240D253300C870B8 /* Main.storyboard */,
			);
			path = 0302;
			sourceTree = "<group>";
		};
/* End PBXGroup section */

/* Begin PBXNativeTarget section */
		85CF8A13240D253300C870B8 /* 0302 */ = {
			isa = PBXNativeTarget;
			buildConfigurationList = 85CF8A28240D253500C870B8 /* Build configuration list for PBXNativeTarget "0302" */;
			buildPhases = (
				85CF8A10240D253300C870B8 /* Sources */,
				85CF8A11240D253300C870B8 /* Frameworks */,
				85CF8A12240D253300C870B8 /* Resources */,
			);
			buildRules = (
			);
			dependencies = (
			);
			name = 0302;
			productName = 0302;
			productReference = 85CF8A14240D253300C870B8 /* NASA.app */;
			productType = "com.apple.product-type.application";
		};
/* End PBXNativeTarget section */

/* Begin PBXProject section */
		85CF8A0C240D253300C870B8 /* Project object */ = {
			isa = PBXProject;
			attributes = {
				LastSwiftUpdateCheck = 1130;
				LastUpgradeCheck = 1130;
				ORGANIZATIONNAME = "H.W. Hsiao";
				TargetAttributes = {
					85CF8A13240D253300C870B8 = {
						CreatedOnToolsVersion = 11.3.1;
					};
				};
			};
			buildConfigurationList = 85CF8A0F240D253300C870B8 /* Build configuration list for PBXProject "0302" */;
			compatibilityVersion = "Xcode 9.3";
			developmentRegion = en;
			hasScannedForEncodings = 0;
			knownRegions = (
				en,
				Base,
			);
			mainGroup = 85CF8A0B240D253300C870B8;
			productRefGroup = 85CF8A15240D253300C870B8 /* Products */;
			projectDirPath = "";
			projectRoot = "";
			targets = (
				85CF8A13240D253300C870B8 /* 0302 */,
			);
		};
/* End PBXProject section */

/* Begin PBXResourcesBuildPhase section */
		85CF8A12240D253300C870B8 /* Resources */ = {
			isa = PBXResourcesBuildPhase;
			buildActionMask = 2147483647;
			files = (
				85CF8A24240D253500C870B8 /* LaunchScreen.storyboard in Resources */,
				85CF8A21240D253500C870B8 /* Assets.xcassets in Resources */,
				85CF8A1F240D253300C870B8 /* Main.storyboard in Resources */,
			);
			runOnlyForDeploymentPostprocessing = 0;
		};
/* End PBXResourcesBuildPhase section */

/* Begin PBXSourcesBuildPhase section */
		85CF8A10240D253300C870B8 /* Sources */ = {
			isa = PBXSourcesBuildPhase;
			buildActionMask = 2147483647;
			files = (
				85934B02241CE222005F2B1C /* nasaWebView.swift in Sources */,
				85D89FE02423A9DB00D8FB7D /* GalleriesViewController.swift in Sources */,
				85934B04241CF803005F2B1C /* mapViewController.swift in Sources */,
				85CF8A1C240D253300C870B8 /* ViewController.swift in Sources */,
				853A6163241E8550006FF0A1 /* articleViewController.swift in Sources */,
				85CF8A18240D253300C870B8 /* AppDelegate.swift in Sources */,
				85D89FE42424CE7700D8FB7D /* DetailPicViewController.swift in Sources */,
				85CF8A1A240D253300C870B8 /* SceneDelegate.swift in Sources */,
			);
			runOnlyForDeploymentPostprocessing = 0;
		};
/* End PBXSourcesBuildPhase section */

/* Begin PBXVariantGroup section */
		85CF8A1D240D253300C870B8 /* Main.storyboard */ = {
			isa = PBXVariantGroup;
			children = (
				85CF8A1E240D253300C870B8 /* Base */,
			);
			name = Main.storyboard;
			sourceTree = "<group>";
		};
		85CF8A22240D253500C870B8 /* LaunchScreen.storyboard */ = {
			isa = PBXVariantGroup;
			children = (
				85CF8A23240D253500C870B8 /* Base */,
			);
			name = LaunchScreen.storyboard;
			sourceTree = "<group>";
		};
/* End PBXVariantGroup section */

/* Begin XCBuildConfiguration section */
		85CF8A26240D253500C870B8 /* Debug */ = {
			isa = XCBuildConfiguration;
			buildSettings = {
				ALWAYS_SEARCH_USER_PATHS = NO;
				CLANG_ANALYZER_NONNULL = YES;
				CLANG_ANALYZER_NUMBER_OBJECT_CONVERSION = YES_AGGRESSIVE;
				CLANG_CXX_LANGUAGE_STANDARD = "gnu++14";
				CLANG_CXX_LIBRARY = "libc++";
				CLANG_ENABLE_MODULES = YES;
				CLANG_ENABLE_OBJC_ARC = YES;
				CLANG_ENABLE_OBJC_WEAK = YES;
				CLANG_WARN_BLOCK_CAPTURE_AUTORELEASING = YES;
				CLANG_WARN_BOOL_CONVERSION = YES;
				CLANG_WARN_COMMA = YES;
				CLANG_WARN_CONSTANT_CONVERSION = YES;
				CLANG_WARN_DEPRECATED_OBJC_IMPLEMENTATIONS = YES;
				CLANG_WARN_DIRECT_OBJC_ISA_USAGE = YES_ERROR;
				CLANG_WARN_DOCUMENTATION_COMMENTS = YES;
				CLANG_WARN_EMPTY_BODY = YES;
				CLANG_WARN_ENUM_CONVERSION = YES;
				CLANG_WARN_INFINITE_RECURSION = YES;
				CLANG_WARN_INT_CONVERSION = YES;
				CLANG_WARN_NON_LITERAL_NULL_CONVERSION = YES;
				CLANG_WARN_OBJC_IMPLICIT_RETAIN_SELF = YES;
				CLANG_WARN_OBJC_LITERAL_CONVERSION = YES;
				CLANG_WARN_OBJC_ROOT_CLASS = YES_ERROR;
				CLANG_WARN_RANGE_LOOP_ANALYSIS = YES;
				CLANG_WARN_STRICT_PROTOTYPES = YES;
				CLANG_WARN_SUSPICIOUS_MOVE = YES;
				CLANG_WARN_UNGUARDED_AVAILABILITY = YES_AGGRESSIVE;
				CLANG_WARN_UNREACHABLE_CODE = YES;
				CLANG_WARN__DUPLICATE_METHOD_MATCH = YES;
				COPY_PHASE_STRIP = NO;
				DEBUG_INFORMATION_FORMAT = dwarf;
				ENABLE_STRICT_OBJC_MSGSEND = YES;
				ENABLE_TESTABILITY = YES;
				GCC_C_LANGUAGE_STANDARD = gnu11;
				GCC_DYNAMIC_NO_PIC = NO;
				GCC_NO_COMMON_BLOCKS = YES;
				GCC_OPTIMIZATION_LEVEL = 0;
				GCC_PREPROCESSOR_DEFINITIONS = (
					"DEBUG=1",
					"$(inherited)",
				);
				GCC_WARN_64_TO_32_BIT_CONVERSION = YES;
				GCC_WARN_ABOUT_RETURN_TYPE = YES_ERROR;
				GCC_WARN_UNDECLARED_SELECTOR = YES;
				GCC_WARN_UNINITIALIZED_AUTOS = YES_AGGRESSIVE;
				GCC_WARN_UNUSED_FUNCTION = YES;
				GCC_WARN_UNUSED_VARIABLE = YES;
				IPHONEOS_DEPLOYMENT_TARGET = 13.2;
				MTL_ENABLE_DEBUG_INFO = INCLUDE_SOURCE;
				MTL_FAST_MATH = YES;
				ONLY_ACTIVE_ARCH = YES;
				SDKROOT = iphoneos;
				SWIFT_ACTIVE_COMPILATION_CONDITIONS = DEBUG;
				SWIFT_OPTIMIZATION_LEVEL = "-Onone";
			};
			name = Debug;
		};
		85CF8A27240D253500C870B8 /* Release */ = {
			isa = XCBuildConfiguration;
			buildSettings = {
				ALWAYS_SEARCH_USER_PATHS = NO;
				CLANG_ANALYZER_NONNULL = YES;
				CLANG_ANALYZER_NUMBER_OBJECT_CONVERSION = YES_AGGRESSIVE;
				CLANG_CXX_LANGUAGE_STANDARD = "gnu++14";
				CLANG_CXX_LIBRARY = "libc++";
				CLANG_ENABLE_MODULES = YES;
				CLANG_ENABLE_OBJC_ARC = YES;
				CLANG_ENABLE_OBJC_WEAK = YES;
				CLANG_WARN_BLOCK_CAPTURE_AUTORELEASING = YES;
				CLANG_WARN_BOOL_CONVERSION = YES;
				CLANG_WARN_COMMA = YES;
				CLANG_WARN_CONSTANT_CONVERSION = YES;
				CLANG_WARN_DEPRECATED_OBJC_IMPLEMENTATIONS = YES;
				CLANG_WARN_DIRECT_OBJC_ISA_USAGE = YES_ERROR;
				CLANG_WARN_DOCUMENTATION_COMMENTS = YES;
				CLANG_WARN_EMPTY_BODY = YES;
				CLANG_WARN_ENUM_CONVERSION = YES;
				CLANG_WARN_INFINITE_RECURSION = YES;
				CLANG_WARN_INT_CONVERSION = YES;
				CLANG_WARN_NON_LITERAL_NULL_CONVERSION = YES;
				CLANG_WARN_OBJC_IMPLICIT_RETAIN_SELF = YES;
				CLANG_WARN_OBJC_LITERAL_CONVERSION = YES;
				CLANG_WARN_OBJC_ROOT_CLASS = YES_ERROR;
				CLANG_WARN_RANGE_LOOP_ANALYSIS = YES;
				CLANG_WARN_STRICT_PROTOTYPES = YES;
				CLANG_WARN_SUSPICIOUS_MOVE = YES;
				CLANG_WARN_UNGUARDED_AVAILABILITY = YES_AGGRESSIVE;
				CLANG_WARN_UNREACHABLE_CODE = YES;
				CLANG_WARN__DUPLICATE_METHOD_MATCH = YES;
				COPY_PHASE_STRIP = NO;
				DEBUG_INFORMATION_FORMAT = "dwarf-with-dsym";
				ENABLE_NS_ASSERTIONS = NO;
				ENABLE_STRICT_OBJC_MSGSEND = YES;
				GCC_C_LANGUAGE_STANDARD = gnu11;
				GCC_NO_COMMON_BLOCKS = YES;
				GCC_WARN_64_TO_32_BIT_CONVERSION = YES;
				GCC_WARN_ABOUT_RETURN_TYPE = YES_ERROR;
				GCC_WARN_UNDECLARED_SELECTOR = YES;
				GCC_WARN_UNINITIALIZED_AUTOS = YES_AGGRESSIVE;
				GCC_WARN_UNUSED_FUNCTION = YES;
				GCC_WARN_UNUSED_VARIABLE = YES;
				IPHONEOS_DEPLOYMENT_TARGET = 13.2;
				MTL_ENABLE_DEBUG_INFO = NO;
				MTL_FAST_MATH = YES;
				SDKROOT = iphoneos;
				SWIFT_COMPILATION_MODE = wholemodule;
				SWIFT_OPTIMIZATION_LEVEL = "-O";
				VALIDATE_PRODUCT = YES;
			};
			name = Release;
		};
		85CF8A29240D253500C870B8 /* Debug */ = {
			isa = XCBuildConfiguration;
			buildSettings = {
				ASSETCATALOG_COMPILER_APPICON_NAME = AppIcon;
				CODE_SIGN_STYLE = Automatic;
				INFOPLIST_FILE = 0302/Info.plist;
				LD_RUNPATH_SEARCH_PATHS = (
					"$(inherited)",
					"@executable_path/Frameworks",
				);
				PRODUCT_BUNDLE_IDENTIFIER = "com.HW.Hsiao.-302";
				PRODUCT_NAME = NASA;
				SWIFT_VERSION = 5.0;
				TARGETED_DEVICE_FAMILY = "1,2";
			};
			name = Debug;
		};
		85CF8A2A240D253500C870B8 /* Release */ = {
			isa = XCBuildConfiguration;
			buildSettings = {
				ASSETCATALOG_COMPILER_APPICON_NAME = AppIcon;
				CODE_SIGN_STYLE = Automatic;
				INFOPLIST_FILE = 0302/Info.plist;
				LD_RUNPATH_SEARCH_PATHS = (
					"$(inherited)",
					"@executable_path/Frameworks",
				);
				PRODUCT_BUNDLE_IDENTIFIER = "com.HW.Hsiao.-302";
				PRODUCT_NAME = NASA;
				SWIFT_VERSION = 5.0;
				TARGETED_DEVICE_FAMILY = "1,2";
			};
			name = Release;
		};
/* End XCBuildConfiguration section */

/* Begin XCConfigurationList section */
		85CF8A0F240D253300C870B8 /* Build configuration list for PBXProject "0302" */ = {
			isa = XCConfigurationList;
			buildConfigurations = (
				85CF8A26240D253500C870B8 /* Debug */,
				85CF8A27240D253500C870B8 /* Release */,
			);
			defaultConfigurationIsVisible = 0;
			defaultConfigurationName = Release;
		};
		85CF8A28240D253500C870B8 /* Build configuration list for PBXNativeTarget "0302" */ = {
			isa = XCConfigurationList;
			buildConfigurations = (
				85CF8A29240D253500C870B8 /* Debug */,
				85CF8A2A240D253500C870B8 /* Release */,
			);
			defaultConfigurationIsVisible = 0;
			defaultConfigurationName = Release;
		};
/* End XCConfigurationList section */
	};
	rootObject = 85CF8A0C240D253300C870B8 /* Project object */;
}
